// !$*UTF8*$!
{
	archiveVersion = 1;
	classes = {
	};
	objectVersion = 51;
	objects = {

/* Begin PBXBuildFile section */
		08B11B8ACBB4C801DD0438CC /* Pods_TmdbMVVM_UICodeTests.framework in Frameworks */ = {isa = PBXBuildFile; fileRef = 2DF0177131BB965CD9553522 /* Pods_TmdbMVVM_UICodeTests.framework */; };
		08FE6469D972F40ACDCED5A4 /* Pods_TmdbMVVM_UICodeUITests.framework in Frameworks */ = {isa = PBXBuildFile; fileRef = 519681087802143FB14C71D1 /* Pods_TmdbMVVM_UICodeUITests.framework */; };
		5EA175CD3B8B523C40FCE502 /* Pods_TmdbMVVM_UICode.framework in Frameworks */ = {isa = PBXBuildFile; fileRef = ED282AD3922792308F832223 /* Pods_TmdbMVVM_UICode.framework */; };
		CE06282E2A01214700398444 /* Localizable.strings in Resources */ = {isa = PBXBuildFile; fileRef = CE0628302A01214700398444 /* Localizable.strings */; };
		CE0631952A03D90E00398444 /* feature_genre.framework in Frameworks */ = {isa = PBXBuildFile; fileRef = CE0631942A03D90E00398444 /* feature_genre.framework */; };
		CE0631962A03D90E00398444 /* feature_genre.framework in Embed Frameworks */ = {isa = PBXBuildFile; fileRef = CE0631942A03D90E00398444 /* feature_genre.framework */; settings = {ATTRIBUTES = (CodeSignOnCopy, RemoveHeadersOnCopy, ); }; };
		CE0631D62A03DEE500398444 /* Coordinator.swift in Sources */ = {isa = PBXBuildFile; fileRef = CE0631D52A03DEE500398444 /* Coordinator.swift */; };
		CE0631F02A03E2D600398444 /* feature_movie_by_genre.framework in Frameworks */ = {isa = PBXBuildFile; fileRef = CE0631EF2A03E2D600398444 /* feature_movie_by_genre.framework */; };
		CE0631F12A03E2D600398444 /* feature_movie_by_genre.framework in Embed Frameworks */ = {isa = PBXBuildFile; fileRef = CE0631EF2A03E2D600398444 /* feature_movie_by_genre.framework */; settings = {ATTRIBUTES = (CodeSignOnCopy, RemoveHeadersOnCopy, ); }; };
		CE06322C2A03E8AA00398444 /* feature_movie_detail.framework in Frameworks */ = {isa = PBXBuildFile; fileRef = CE06322B2A03E8AA00398444 /* feature_movie_detail.framework */; };
		CE06322D2A03E8AA00398444 /* feature_movie_detail.framework in Embed Frameworks */ = {isa = PBXBuildFile; fileRef = CE06322B2A03E8AA00398444 /* feature_movie_detail.framework */; settings = {ATTRIBUTES = (CodeSignOnCopy, RemoveHeadersOnCopy, ); }; };
		CE06325B2A03EC8500398444 /* feature_movie_review.framework in Frameworks */ = {isa = PBXBuildFile; fileRef = CE06325A2A03EC8500398444 /* feature_movie_review.framework */; };
		CE06325C2A03EC8500398444 /* feature_movie_review.framework in Embed Frameworks */ = {isa = PBXBuildFile; fileRef = CE06325A2A03EC8500398444 /* feature_movie_review.framework */; settings = {ATTRIBUTES = (CodeSignOnCopy, RemoveHeadersOnCopy, ); }; };
		CE0632922A03EFB800398444 /* feature_movie_trailer.framework in Frameworks */ = {isa = PBXBuildFile; fileRef = CE0632912A03EFB800398444 /* feature_movie_trailer.framework */; };
		CE0632932A03EFB800398444 /* feature_movie_trailer.framework in Embed Frameworks */ = {isa = PBXBuildFile; fileRef = CE0632912A03EFB800398444 /* feature_movie_trailer.framework */; settings = {ATTRIBUTES = (CodeSignOnCopy, RemoveHeadersOnCopy, ); }; };
		CE0C590A2C68A75C00620BFE /* domain.framework in Frameworks */ = {isa = PBXBuildFile; fileRef = CE062EF92A03A91A00398444 /* domain.framework */; };
		CE0C590B2C68A75C00620BFE /* domain.framework in Embed Frameworks */ = {isa = PBXBuildFile; fileRef = CE062EF92A03A91A00398444 /* domain.framework */; settings = {ATTRIBUTES = (CodeSignOnCopy, RemoveHeadersOnCopy, ); }; };
		CE0C590C2C68A75F00620BFE /* data.framework in Frameworks */ = {isa = PBXBuildFile; fileRef = CE062EFB2A03A92400398444 /* data.framework */; };
		CE0C590D2C68A75F00620BFE /* data.framework in Embed Frameworks */ = {isa = PBXBuildFile; fileRef = CE062EFB2A03A92400398444 /* data.framework */; settings = {ATTRIBUTES = (CodeSignOnCopy, RemoveHeadersOnCopy, ); }; };
		CE0C590E2C68A76200620BFE /* app_framework.framework in Frameworks */ = {isa = PBXBuildFile; fileRef = CE0630382A03B6D400398444 /* app_framework.framework */; };
		CE0C590F2C68A76200620BFE /* app_framework.framework in Embed Frameworks */ = {isa = PBXBuildFile; fileRef = CE0630382A03B6D400398444 /* app_framework.framework */; settings = {ATTRIBUTES = (CodeSignOnCopy, RemoveHeadersOnCopy, ); }; };
		CE8448A729B678F200231703 /* AppDelegate.swift in Sources */ = {isa = PBXBuildFile; fileRef = CE8448A629B678F200231703 /* AppDelegate.swift */; };
		CE8448B029B678FF00231703 /* Assets.xcassets in Resources */ = {isa = PBXBuildFile; fileRef = CE8448AF29B678FF00231703 /* Assets.xcassets */; };
		CE8448B329B678FF00231703 /* LaunchScreen.storyboard in Resources */ = {isa = PBXBuildFile; fileRef = CE8448B129B678FF00231703 /* LaunchScreen.storyboard */; };
		CE8448BE29B678FF00231703 /* TmdbMVVM_UICodeTests.swift in Sources */ = {isa = PBXBuildFile; fileRef = CE8448BD29B678FF00231703 /* TmdbMVVM_UICodeTests.swift */; };
		CE8448C929B678FF00231703 /* TmdbMVVM_UICodeUITests.swift in Sources */ = {isa = PBXBuildFile; fileRef = CE8448C829B678FF00231703 /* TmdbMVVM_UICodeUITests.swift */; };
		CE84497629B6807A00231703 /* AppCoordinator.swift in Sources */ = {isa = PBXBuildFile; fileRef = CE84497529B6807A00231703 /* AppCoordinator.swift */; };
/* End PBXBuildFile section */

/* Begin PBXContainerItemProxy section */
		CE8448BA29B678FF00231703 /* PBXContainerItemProxy */ = {
			isa = PBXContainerItemProxy;
			containerPortal = CE84489B29B678F200231703 /* Project object */;
			proxyType = 1;
			remoteGlobalIDString = CE8448A229B678F200231703;
			remoteInfo = "TmdbMVVM-UICode";
		};
		CE8448C529B678FF00231703 /* PBXContainerItemProxy */ = {
			isa = PBXContainerItemProxy;
			containerPortal = CE84489B29B678F200231703 /* Project object */;
			proxyType = 1;
			remoteGlobalIDString = CE8448A229B678F200231703;
			remoteInfo = "TmdbMVVM-UICode";
		};
/* End PBXContainerItemProxy section */

/* Begin PBXCopyFilesBuildPhase section */
		CE06303B2A03B6D400398444 /* Embed Frameworks */ = {
			isa = PBXCopyFilesBuildPhase;
			buildActionMask = 2147483647;
			dstPath = "";
			dstSubfolderSpec = 10;
			files = (
				CE0631F12A03E2D600398444 /* feature_movie_by_genre.framework in Embed Frameworks */,
				CE0C590F2C68A76200620BFE /* app_framework.framework in Embed Frameworks */,
				CE0632932A03EFB800398444 /* feature_movie_trailer.framework in Embed Frameworks */,
				CE0631962A03D90E00398444 /* feature_genre.framework in Embed Frameworks */,
				CE0C590D2C68A75F00620BFE /* data.framework in Embed Frameworks */,
				CE06325C2A03EC8500398444 /* feature_movie_review.framework in Embed Frameworks */,
				CE0C590B2C68A75C00620BFE /* domain.framework in Embed Frameworks */,
				CE06322D2A03E8AA00398444 /* feature_movie_detail.framework in Embed Frameworks */,
			);
			name = "Embed Frameworks";
			runOnlyForDeploymentPostprocessing = 0;
		};
/* End PBXCopyFilesBuildPhase section */

/* Begin PBXFileReference section */
		0029FFE14BA85554BF86B65C /* Pods-TmdbMVVM-UICodeUITests.release production.xcconfig */ = {isa = PBXFileReference; includeInIndex = 1; lastKnownFileType = text.xcconfig; name = "Pods-TmdbMVVM-UICodeUITests.release production.xcconfig"; path = "Target Support Files/Pods-TmdbMVVM-UICodeUITests/Pods-TmdbMVVM-UICodeUITests.release production.xcconfig"; sourceTree = "<group>"; };
		053BB8C46872179C0B2DB647 /* Pods-TmdbMVVM-UICodeUITests.debug staging.xcconfig */ = {isa = PBXFileReference; includeInIndex = 1; lastKnownFileType = text.xcconfig; name = "Pods-TmdbMVVM-UICodeUITests.debug staging.xcconfig"; path = "Target Support Files/Pods-TmdbMVVM-UICodeUITests/Pods-TmdbMVVM-UICodeUITests.debug staging.xcconfig"; sourceTree = "<group>"; };
		09D9646A31ECF49B112F9575 /* Pods-TmdbMVVM-UICodeTests.release staging.xcconfig */ = {isa = PBXFileReference; includeInIndex = 1; lastKnownFileType = text.xcconfig; name = "Pods-TmdbMVVM-UICodeTests.release staging.xcconfig"; path = "Target Support Files/Pods-TmdbMVVM-UICodeTests/Pods-TmdbMVVM-UICodeTests.release staging.xcconfig"; sourceTree = "<group>"; };
		11F4FF684B9B976622713863 /* Pods-TmdbMVVM-UICodeTests.release production.xcconfig */ = {isa = PBXFileReference; includeInIndex = 1; lastKnownFileType = text.xcconfig; name = "Pods-TmdbMVVM-UICodeTests.release production.xcconfig"; path = "Target Support Files/Pods-TmdbMVVM-UICodeTests/Pods-TmdbMVVM-UICodeTests.release production.xcconfig"; sourceTree = "<group>"; };
		1FEBE953ECCDE593D6FAA93C /* Pods-TmdbMVVM-UICodeTests.debug verify.xcconfig */ = {isa = PBXFileReference; includeInIndex = 1; lastKnownFileType = text.xcconfig; name = "Pods-TmdbMVVM-UICodeTests.debug verify.xcconfig"; path = "Target Support Files/Pods-TmdbMVVM-UICodeTests/Pods-TmdbMVVM-UICodeTests.debug verify.xcconfig"; sourceTree = "<group>"; };
		270BA076BC6EBCBC573DE667 /* Pods-TmdbMVVM-UICode-TmdbMVVM-UICodeUITests.debug staging.xcconfig */ = {isa = PBXFileReference; includeInIndex = 1; lastKnownFileType = text.xcconfig; name = "Pods-TmdbMVVM-UICode-TmdbMVVM-UICodeUITests.debug staging.xcconfig"; path = "Target Support Files/Pods-TmdbMVVM-UICode-TmdbMVVM-UICodeUITests/Pods-TmdbMVVM-UICode-TmdbMVVM-UICodeUITests.debug staging.xcconfig"; sourceTree = "<group>"; };
		2DF0177131BB965CD9553522 /* Pods_TmdbMVVM_UICodeTests.framework */ = {isa = PBXFileReference; explicitFileType = wrapper.framework; includeInIndex = 0; path = Pods_TmdbMVVM_UICodeTests.framework; sourceTree = BUILT_PRODUCTS_DIR; };
		2EE58478B6A9424F7790406D /* Pods-TmdbMVVM-UICode-TmdbMVVM-UICodeUITests.release production.xcconfig */ = {isa = PBXFileReference; includeInIndex = 1; lastKnownFileType = text.xcconfig; name = "Pods-TmdbMVVM-UICode-TmdbMVVM-UICodeUITests.release production.xcconfig"; path = "Target Support Files/Pods-TmdbMVVM-UICode-TmdbMVVM-UICodeUITests/Pods-TmdbMVVM-UICode-TmdbMVVM-UICodeUITests.release production.xcconfig"; sourceTree = "<group>"; };
		337C7A5EE5034B62F7D132E4 /* Pods-TmdbMVVM-UICodeUITests.debug verify.xcconfig */ = {isa = PBXFileReference; includeInIndex = 1; lastKnownFileType = text.xcconfig; name = "Pods-TmdbMVVM-UICodeUITests.debug verify.xcconfig"; path = "Target Support Files/Pods-TmdbMVVM-UICodeUITests/Pods-TmdbMVVM-UICodeUITests.debug verify.xcconfig"; sourceTree = "<group>"; };
		3668E3A8FC3B6134E4BD2A16 /* Pods-TmdbMVVM-UICode-TmdbMVVM-UICodeUITests.debug verify.xcconfig */ = {isa = PBXFileReference; includeInIndex = 1; lastKnownFileType = text.xcconfig; name = "Pods-TmdbMVVM-UICode-TmdbMVVM-UICodeUITests.debug verify.xcconfig"; path = "Target Support Files/Pods-TmdbMVVM-UICode-TmdbMVVM-UICodeUITests/Pods-TmdbMVVM-UICode-TmdbMVVM-UICodeUITests.debug verify.xcconfig"; sourceTree = "<group>"; };
		4741BCA0D554A280D53B9166 /* Pods-TmdbMVVM-UICode-TmdbMVVM-UICodeUITests.release verify.xcconfig */ = {isa = PBXFileReference; includeInIndex = 1; lastKnownFileType = text.xcconfig; name = "Pods-TmdbMVVM-UICode-TmdbMVVM-UICodeUITests.release verify.xcconfig"; path = "Target Support Files/Pods-TmdbMVVM-UICode-TmdbMVVM-UICodeUITests/Pods-TmdbMVVM-UICode-TmdbMVVM-UICodeUITests.release verify.xcconfig"; sourceTree = "<group>"; };
		519681087802143FB14C71D1 /* Pods_TmdbMVVM_UICodeUITests.framework */ = {isa = PBXFileReference; explicitFileType = wrapper.framework; includeInIndex = 0; path = Pods_TmdbMVVM_UICodeUITests.framework; sourceTree = BUILT_PRODUCTS_DIR; };
		5F950FEB10803F551060EA8F /* Pods-TmdbMVVM-UICodeUITests.release verify.xcconfig */ = {isa = PBXFileReference; includeInIndex = 1; lastKnownFileType = text.xcconfig; name = "Pods-TmdbMVVM-UICodeUITests.release verify.xcconfig"; path = "Target Support Files/Pods-TmdbMVVM-UICodeUITests/Pods-TmdbMVVM-UICodeUITests.release verify.xcconfig"; sourceTree = "<group>"; };
		61785AD5264514922ECF0E1F /* Pods-TmdbMVVM-UICode.debug production.xcconfig */ = {isa = PBXFileReference; includeInIndex = 1; lastKnownFileType = text.xcconfig; name = "Pods-TmdbMVVM-UICode.debug production.xcconfig"; path = "Target Support Files/Pods-TmdbMVVM-UICode/Pods-TmdbMVVM-UICode.debug production.xcconfig"; sourceTree = "<group>"; };
		643D77CAA44F87528FF19C83 /* Pods-TmdbMVVM-UICode.debug verify.xcconfig */ = {isa = PBXFileReference; includeInIndex = 1; lastKnownFileType = text.xcconfig; name = "Pods-TmdbMVVM-UICode.debug verify.xcconfig"; path = "Target Support Files/Pods-TmdbMVVM-UICode/Pods-TmdbMVVM-UICode.debug verify.xcconfig"; sourceTree = "<group>"; };
		6901B77C2E2367DB2A22532D /* Pods-TmdbMVVM-UICodeUITests.release staging.xcconfig */ = {isa = PBXFileReference; includeInIndex = 1; lastKnownFileType = text.xcconfig; name = "Pods-TmdbMVVM-UICodeUITests.release staging.xcconfig"; path = "Target Support Files/Pods-TmdbMVVM-UICodeUITests/Pods-TmdbMVVM-UICodeUITests.release staging.xcconfig"; sourceTree = "<group>"; };
		6F0332B2C73D8FED4A6752F9 /* Pods-TmdbMVVM-UICodeTests.release verify.xcconfig */ = {isa = PBXFileReference; includeInIndex = 1; lastKnownFileType = text.xcconfig; name = "Pods-TmdbMVVM-UICodeTests.release verify.xcconfig"; path = "Target Support Files/Pods-TmdbMVVM-UICodeTests/Pods-TmdbMVVM-UICodeTests.release verify.xcconfig"; sourceTree = "<group>"; };
		7CCA648201316E9D3CE0C21B /* Pods-TmdbMVVM-UICodeUITests.debug production.xcconfig */ = {isa = PBXFileReference; includeInIndex = 1; lastKnownFileType = text.xcconfig; name = "Pods-TmdbMVVM-UICodeUITests.debug production.xcconfig"; path = "Target Support Files/Pods-TmdbMVVM-UICodeUITests/Pods-TmdbMVVM-UICodeUITests.debug production.xcconfig"; sourceTree = "<group>"; };
		9FF0FA36133A9F467A9DD5E6 /* Pods-TmdbMVVM-UICodeTests.debug production.xcconfig */ = {isa = PBXFileReference; includeInIndex = 1; lastKnownFileType = text.xcconfig; name = "Pods-TmdbMVVM-UICodeTests.debug production.xcconfig"; path = "Target Support Files/Pods-TmdbMVVM-UICodeTests/Pods-TmdbMVVM-UICodeTests.debug production.xcconfig"; sourceTree = "<group>"; };
		B8D32BDF2826404171B255DC /* Pods-TmdbMVVM-UICode.release staging.xcconfig */ = {isa = PBXFileReference; includeInIndex = 1; lastKnownFileType = text.xcconfig; name = "Pods-TmdbMVVM-UICode.release staging.xcconfig"; path = "Target Support Files/Pods-TmdbMVVM-UICode/Pods-TmdbMVVM-UICode.release staging.xcconfig"; sourceTree = "<group>"; };
		BBC22E1F00B2BA837837F2C7 /* Pods-TmdbMVVM-UICode-TmdbMVVM-UICodeUITests.release staging.xcconfig */ = {isa = PBXFileReference; includeInIndex = 1; lastKnownFileType = text.xcconfig; name = "Pods-TmdbMVVM-UICode-TmdbMVVM-UICodeUITests.release staging.xcconfig"; path = "Target Support Files/Pods-TmdbMVVM-UICode-TmdbMVVM-UICodeUITests/Pods-TmdbMVVM-UICode-TmdbMVVM-UICodeUITests.release staging.xcconfig"; sourceTree = "<group>"; };
		CE0628252A01212000398444 /* id */ = {isa = PBXFileReference; lastKnownFileType = text.plist.strings; name = id; path = id.lproj/LaunchScreen.strings; sourceTree = "<group>"; };
		CE06282F2A01214700398444 /* id */ = {isa = PBXFileReference; lastKnownFileType = text.plist.strings; name = id; path = id.lproj/Localizable.strings; sourceTree = "<group>"; };
		CE0628342A01214C00398444 /* en */ = {isa = PBXFileReference; lastKnownFileType = text.plist.strings; name = en; path = en.lproj/Localizable.strings; sourceTree = "<group>"; };
		CE062EF92A03A91A00398444 /* domain.framework */ = {isa = PBXFileReference; explicitFileType = wrapper.framework; path = domain.framework; sourceTree = BUILT_PRODUCTS_DIR; };
		CE062EFB2A03A92400398444 /* data.framework */ = {isa = PBXFileReference; explicitFileType = wrapper.framework; path = data.framework; sourceTree = BUILT_PRODUCTS_DIR; };
		CE062F562A03AC8D00398444 /* framework.framework */ = {isa = PBXFileReference; explicitFileType = wrapper.framework; path = framework.framework; sourceTree = BUILT_PRODUCTS_DIR; };
		CE0630382A03B6D400398444 /* app_framework.framework */ = {isa = PBXFileReference; explicitFileType = wrapper.framework; path = app_framework.framework; sourceTree = BUILT_PRODUCTS_DIR; };
		CE0631942A03D90E00398444 /* feature_genre.framework */ = {isa = PBXFileReference; explicitFileType = wrapper.framework; path = feature_genre.framework; sourceTree = BUILT_PRODUCTS_DIR; };
		CE0631D52A03DEE500398444 /* Coordinator.swift */ = {isa = PBXFileReference; fileEncoding = 4; lastKnownFileType = sourcecode.swift; path = Coordinator.swift; sourceTree = "<group>"; };
		CE0631EF2A03E2D600398444 /* feature_movie_by_genre.framework */ = {isa = PBXFileReference; explicitFileType = wrapper.framework; path = feature_movie_by_genre.framework; sourceTree = BUILT_PRODUCTS_DIR; };
		CE06322B2A03E8AA00398444 /* feature_movie_detail.framework */ = {isa = PBXFileReference; explicitFileType = wrapper.framework; path = feature_movie_detail.framework; sourceTree = BUILT_PRODUCTS_DIR; };
		CE06325A2A03EC8500398444 /* feature_movie_review.framework */ = {isa = PBXFileReference; explicitFileType = wrapper.framework; path = feature_movie_review.framework; sourceTree = BUILT_PRODUCTS_DIR; };
		CE0632912A03EFB800398444 /* feature_movie_trailer.framework */ = {isa = PBXFileReference; explicitFileType = wrapper.framework; path = feature_movie_trailer.framework; sourceTree = BUILT_PRODUCTS_DIR; };
		CE388B2061A89B978115FA4A /* Pods-TmdbMVVM-UICodeTests.debug staging.xcconfig */ = {isa = PBXFileReference; includeInIndex = 1; lastKnownFileType = text.xcconfig; name = "Pods-TmdbMVVM-UICodeTests.debug staging.xcconfig"; path = "Target Support Files/Pods-TmdbMVVM-UICodeTests/Pods-TmdbMVVM-UICodeTests.debug staging.xcconfig"; sourceTree = "<group>"; };
		CE8448A329B678F200231703 /* TmdbMVVM-UICode (Staging-Debug).app */ = {isa = PBXFileReference; explicitFileType = wrapper.application; includeInIndex = 0; path = "TmdbMVVM-UICode (Staging-Debug).app"; sourceTree = BUILT_PRODUCTS_DIR; };
		CE8448A629B678F200231703 /* AppDelegate.swift */ = {isa = PBXFileReference; lastKnownFileType = sourcecode.swift; path = AppDelegate.swift; sourceTree = "<group>"; };
		CE8448AF29B678FF00231703 /* Assets.xcassets */ = {isa = PBXFileReference; lastKnownFileType = folder.assetcatalog; path = Assets.xcassets; sourceTree = "<group>"; };
		CE8448B229B678FF00231703 /* Base */ = {isa = PBXFileReference; lastKnownFileType = file.storyboard; name = Base; path = Base.lproj/LaunchScreen.storyboard; sourceTree = "<group>"; };
		CE8448B429B678FF00231703 /* Info.plist */ = {isa = PBXFileReference; lastKnownFileType = text.plist.xml; path = Info.plist; sourceTree = "<group>"; };
		CE8448B929B678FF00231703 /* TmdbMVVM-UICodeTests.xctest */ = {isa = PBXFileReference; explicitFileType = wrapper.cfbundle; includeInIndex = 0; path = "TmdbMVVM-UICodeTests.xctest"; sourceTree = BUILT_PRODUCTS_DIR; };
		CE8448BD29B678FF00231703 /* TmdbMVVM_UICodeTests.swift */ = {isa = PBXFileReference; lastKnownFileType = sourcecode.swift; path = TmdbMVVM_UICodeTests.swift; sourceTree = "<group>"; };
		CE8448BF29B678FF00231703 /* Info.plist */ = {isa = PBXFileReference; lastKnownFileType = text.plist.xml; path = Info.plist; sourceTree = "<group>"; };
		CE8448C429B678FF00231703 /* TmdbMVVM-UICodeUITests.xctest */ = {isa = PBXFileReference; explicitFileType = wrapper.cfbundle; includeInIndex = 0; path = "TmdbMVVM-UICodeUITests.xctest"; sourceTree = BUILT_PRODUCTS_DIR; };
		CE8448C829B678FF00231703 /* TmdbMVVM_UICodeUITests.swift */ = {isa = PBXFileReference; lastKnownFileType = sourcecode.swift; path = TmdbMVVM_UICodeUITests.swift; sourceTree = "<group>"; };
		CE8448CA29B678FF00231703 /* Info.plist */ = {isa = PBXFileReference; lastKnownFileType = text.plist.xml; path = Info.plist; sourceTree = "<group>"; };
		CE84497529B6807A00231703 /* AppCoordinator.swift */ = {isa = PBXFileReference; lastKnownFileType = sourcecode.swift; path = AppCoordinator.swift; sourceTree = "<group>"; };
		D2CA19EB478510C8D88A707A /* Pods-TmdbMVVM-UICode.debug staging.xcconfig */ = {isa = PBXFileReference; includeInIndex = 1; lastKnownFileType = text.xcconfig; name = "Pods-TmdbMVVM-UICode.debug staging.xcconfig"; path = "Target Support Files/Pods-TmdbMVVM-UICode/Pods-TmdbMVVM-UICode.debug staging.xcconfig"; sourceTree = "<group>"; };
		E2F59B6639AD6F617F77C396 /* Pods-TmdbMVVM-UICode.release production.xcconfig */ = {isa = PBXFileReference; includeInIndex = 1; lastKnownFileType = text.xcconfig; name = "Pods-TmdbMVVM-UICode.release production.xcconfig"; path = "Target Support Files/Pods-TmdbMVVM-UICode/Pods-TmdbMVVM-UICode.release production.xcconfig"; sourceTree = "<group>"; };
		EA7A4667918C1406584BA230 /* Pods-TmdbMVVM-UICode-TmdbMVVM-UICodeUITests.debug production.xcconfig */ = {isa = PBXFileReference; includeInIndex = 1; lastKnownFileType = text.xcconfig; name = "Pods-TmdbMVVM-UICode-TmdbMVVM-UICodeUITests.debug production.xcconfig"; path = "Target Support Files/Pods-TmdbMVVM-UICode-TmdbMVVM-UICodeUITests/Pods-TmdbMVVM-UICode-TmdbMVVM-UICodeUITests.debug production.xcconfig"; sourceTree = "<group>"; };
		EB20711CA8CF74D172D63863 /* Pods-TmdbMVVM-UICode.release verify.xcconfig */ = {isa = PBXFileReference; includeInIndex = 1; lastKnownFileType = text.xcconfig; name = "Pods-TmdbMVVM-UICode.release verify.xcconfig"; path = "Target Support Files/Pods-TmdbMVVM-UICode/Pods-TmdbMVVM-UICode.release verify.xcconfig"; sourceTree = "<group>"; };
		ED282AD3922792308F832223 /* Pods_TmdbMVVM_UICode.framework */ = {isa = PBXFileReference; explicitFileType = wrapper.framework; includeInIndex = 0; path = Pods_TmdbMVVM_UICode.framework; sourceTree = BUILT_PRODUCTS_DIR; };
/* End PBXFileReference section */

/* Begin PBXFrameworksBuildPhase section */
		CE8448A029B678F200231703 /* Frameworks */ = {
			isa = PBXFrameworksBuildPhase;
			buildActionMask = 2147483647;
			files = (
				CE0631952A03D90E00398444 /* feature_genre.framework in Frameworks */,
				CE0632922A03EFB800398444 /* feature_movie_trailer.framework in Frameworks */,
				CE06322C2A03E8AA00398444 /* feature_movie_detail.framework in Frameworks */,
				CE0C590E2C68A76200620BFE /* app_framework.framework in Frameworks */,
				CE0631F02A03E2D600398444 /* feature_movie_by_genre.framework in Frameworks */,
				CE06325B2A03EC8500398444 /* feature_movie_review.framework in Frameworks */,
				CE0C590A2C68A75C00620BFE /* domain.framework in Frameworks */,
				CE0C590C2C68A75F00620BFE /* data.framework in Frameworks */,
				5EA175CD3B8B523C40FCE502 /* Pods_TmdbMVVM_UICode.framework in Frameworks */,
			);
			runOnlyForDeploymentPostprocessing = 0;
		};
		CE8448B629B678FF00231703 /* Frameworks */ = {
			isa = PBXFrameworksBuildPhase;
			buildActionMask = 2147483647;
			files = (
				08B11B8ACBB4C801DD0438CC /* Pods_TmdbMVVM_UICodeTests.framework in Frameworks */,
			);
			runOnlyForDeploymentPostprocessing = 0;
		};
		CE8448C129B678FF00231703 /* Frameworks */ = {
			isa = PBXFrameworksBuildPhase;
			buildActionMask = 2147483647;
			files = (
				08FE6469D972F40ACDCED5A4 /* Pods_TmdbMVVM_UICodeUITests.framework in Frameworks */,
			);
			runOnlyForDeploymentPostprocessing = 0;
		};
/* End PBXFrameworksBuildPhase section */

/* Begin PBXGroup section */
		1E932C7CF9A3F106EBCB0602 /* Frameworks */ = {
			isa = PBXGroup;
			children = (
				CE0632912A03EFB800398444 /* feature_movie_trailer.framework */,
				CE06325A2A03EC8500398444 /* feature_movie_review.framework */,
				CE06322B2A03E8AA00398444 /* feature_movie_detail.framework */,
				CE0631EF2A03E2D600398444 /* feature_movie_by_genre.framework */,
				CE0631942A03D90E00398444 /* feature_genre.framework */,
				CE0630382A03B6D400398444 /* app_framework.framework */,
				CE062F562A03AC8D00398444 /* framework.framework */,
				CE062EFB2A03A92400398444 /* data.framework */,
				CE062EF92A03A91A00398444 /* domain.framework */,
				ED282AD3922792308F832223 /* Pods_TmdbMVVM_UICode.framework */,
				2DF0177131BB965CD9553522 /* Pods_TmdbMVVM_UICodeTests.framework */,
				519681087802143FB14C71D1 /* Pods_TmdbMVVM_UICodeUITests.framework */,
			);
			name = Frameworks;
			sourceTree = "<group>";
		};
		8EDB992C595327202B89A4BE /* Pods */ = {
			isa = PBXGroup;
			children = (
				D2CA19EB478510C8D88A707A /* Pods-TmdbMVVM-UICode.debug staging.xcconfig */,
				643D77CAA44F87528FF19C83 /* Pods-TmdbMVVM-UICode.debug verify.xcconfig */,
				61785AD5264514922ECF0E1F /* Pods-TmdbMVVM-UICode.debug production.xcconfig */,
				B8D32BDF2826404171B255DC /* Pods-TmdbMVVM-UICode.release staging.xcconfig */,
				EB20711CA8CF74D172D63863 /* Pods-TmdbMVVM-UICode.release verify.xcconfig */,
				E2F59B6639AD6F617F77C396 /* Pods-TmdbMVVM-UICode.release production.xcconfig */,
				270BA076BC6EBCBC573DE667 /* Pods-TmdbMVVM-UICode-TmdbMVVM-UICodeUITests.debug staging.xcconfig */,
				3668E3A8FC3B6134E4BD2A16 /* Pods-TmdbMVVM-UICode-TmdbMVVM-UICodeUITests.debug verify.xcconfig */,
				EA7A4667918C1406584BA230 /* Pods-TmdbMVVM-UICode-TmdbMVVM-UICodeUITests.debug production.xcconfig */,
				BBC22E1F00B2BA837837F2C7 /* Pods-TmdbMVVM-UICode-TmdbMVVM-UICodeUITests.release staging.xcconfig */,
				4741BCA0D554A280D53B9166 /* Pods-TmdbMVVM-UICode-TmdbMVVM-UICodeUITests.release verify.xcconfig */,
				2EE58478B6A9424F7790406D /* Pods-TmdbMVVM-UICode-TmdbMVVM-UICodeUITests.release production.xcconfig */,
				CE388B2061A89B978115FA4A /* Pods-TmdbMVVM-UICodeTests.debug staging.xcconfig */,
				1FEBE953ECCDE593D6FAA93C /* Pods-TmdbMVVM-UICodeTests.debug verify.xcconfig */,
				9FF0FA36133A9F467A9DD5E6 /* Pods-TmdbMVVM-UICodeTests.debug production.xcconfig */,
				09D9646A31ECF49B112F9575 /* Pods-TmdbMVVM-UICodeTests.release staging.xcconfig */,
				6F0332B2C73D8FED4A6752F9 /* Pods-TmdbMVVM-UICodeTests.release verify.xcconfig */,
				11F4FF684B9B976622713863 /* Pods-TmdbMVVM-UICodeTests.release production.xcconfig */,
				053BB8C46872179C0B2DB647 /* Pods-TmdbMVVM-UICodeUITests.debug staging.xcconfig */,
				337C7A5EE5034B62F7D132E4 /* Pods-TmdbMVVM-UICodeUITests.debug verify.xcconfig */,
				7CCA648201316E9D3CE0C21B /* Pods-TmdbMVVM-UICodeUITests.debug production.xcconfig */,
				6901B77C2E2367DB2A22532D /* Pods-TmdbMVVM-UICodeUITests.release staging.xcconfig */,
				5F950FEB10803F551060EA8F /* Pods-TmdbMVVM-UICodeUITests.release verify.xcconfig */,
				0029FFE14BA85554BF86B65C /* Pods-TmdbMVVM-UICodeUITests.release production.xcconfig */,
			);
			path = Pods;
			sourceTree = "<group>";
		};
		CE84489A29B678F200231703 = {
			isa = PBXGroup;
			children = (
				CE8448A529B678F200231703 /* TmdbMVVM-UICode */,
				CE8448BC29B678FF00231703 /* TmdbMVVM-UICodeTests */,
				CE8448C729B678FF00231703 /* TmdbMVVM-UICodeUITests */,
				CE8448A429B678F200231703 /* Products */,
				8EDB992C595327202B89A4BE /* Pods */,
				1E932C7CF9A3F106EBCB0602 /* Frameworks */,
			);
			sourceTree = "<group>";
		};
		CE8448A429B678F200231703 /* Products */ = {
			isa = PBXGroup;
			children = (
				CE8448A329B678F200231703 /* TmdbMVVM-UICode (Staging-Debug).app */,
				CE8448B929B678FF00231703 /* TmdbMVVM-UICodeTests.xctest */,
				CE8448C429B678FF00231703 /* TmdbMVVM-UICodeUITests.xctest */,
			);
			name = Products;
			sourceTree = "<group>";
		};
		CE8448A529B678F200231703 /* TmdbMVVM-UICode */ = {
			isa = PBXGroup;
			children = (
				CE8448E229B6797C00231703 /* App */,
			);
			path = "TmdbMVVM-UICode";
			sourceTree = "<group>";
		};
		CE8448BC29B678FF00231703 /* TmdbMVVM-UICodeTests */ = {
			isa = PBXGroup;
			children = (
				CE8448BD29B678FF00231703 /* TmdbMVVM_UICodeTests.swift */,
				CE8448BF29B678FF00231703 /* Info.plist */,
			);
			path = "TmdbMVVM-UICodeTests";
			sourceTree = "<group>";
		};
		CE8448C729B678FF00231703 /* TmdbMVVM-UICodeUITests */ = {
			isa = PBXGroup;
			children = (
				CE8448C829B678FF00231703 /* TmdbMVVM_UICodeUITests.swift */,
				CE8448CA29B678FF00231703 /* Info.plist */,
			);
			path = "TmdbMVVM-UICodeUITests";
			sourceTree = "<group>";
		};
		CE8448E229B6797C00231703 /* App */ = {
			isa = PBXGroup;
			children = (
				CE0631D52A03DEE500398444 /* Coordinator.swift */,
				CE8448AF29B678FF00231703 /* Assets.xcassets */,
				CE8448B129B678FF00231703 /* LaunchScreen.storyboard */,
				CE8448A629B678F200231703 /* AppDelegate.swift */,
				CE84497529B6807A00231703 /* AppCoordinator.swift */,
				CE8448B429B678FF00231703 /* Info.plist */,
				CE0628302A01214700398444 /* Localizable.strings */,
			);
			path = App;
			sourceTree = "<group>";
		};
/* End PBXGroup section */

/* Begin PBXNativeTarget section */
		CE8448A229B678F200231703 /* TmdbMVVM-UICode */ = {
			isa = PBXNativeTarget;
			buildConfigurationList = CE8448CD29B678FF00231703 /* Build configuration list for PBXNativeTarget "TmdbMVVM-UICode" */;
			buildPhases = (
				A680F80E83F3238AF71BE397 /* [CP] Check Pods Manifest.lock */,
				CE84489F29B678F200231703 /* Sources */,
				CE8448A029B678F200231703 /* Frameworks */,
				CE8448A129B678F200231703 /* Resources */,
				7A49A11A734BBAB20F68D172 /* [CP] Embed Pods Frameworks */,
				CE06303B2A03B6D400398444 /* Embed Frameworks */,
			);
			buildRules = (
			);
			dependencies = (
			);
			name = "TmdbMVVM-UICode";
			productName = "TmdbMVVM-UICode";
			productReference = CE8448A329B678F200231703 /* TmdbMVVM-UICode (Staging-Debug).app */;
			productType = "com.apple.product-type.application";
		};
		CE8448B829B678FF00231703 /* TmdbMVVM-UICodeTests */ = {
			isa = PBXNativeTarget;
			buildConfigurationList = CE8448D029B678FF00231703 /* Build configuration list for PBXNativeTarget "TmdbMVVM-UICodeTests" */;
			buildPhases = (
				333A94A01766BFC06492622C /* [CP] Check Pods Manifest.lock */,
				CE8448B529B678FF00231703 /* Sources */,
				CE8448B629B678FF00231703 /* Frameworks */,
				CE8448B729B678FF00231703 /* Resources */,
			);
			buildRules = (
			);
			dependencies = (
				CE8448BB29B678FF00231703 /* PBXTargetDependency */,
			);
			name = "TmdbMVVM-UICodeTests";
			productName = "TmdbMVVM-UICodeTests";
			productReference = CE8448B929B678FF00231703 /* TmdbMVVM-UICodeTests.xctest */;
			productType = "com.apple.product-type.bundle.unit-test";
		};
		CE8448C329B678FF00231703 /* TmdbMVVM-UICodeUITests */ = {
			isa = PBXNativeTarget;
			buildConfigurationList = CE8448D329B678FF00231703 /* Build configuration list for PBXNativeTarget "TmdbMVVM-UICodeUITests" */;
			buildPhases = (
				0AEB813CB6DA785C11789696 /* [CP] Check Pods Manifest.lock */,
				CE8448C029B678FF00231703 /* Sources */,
				CE8448C129B678FF00231703 /* Frameworks */,
				CE8448C229B678FF00231703 /* Resources */,
			);
			buildRules = (
			);
			dependencies = (
				CE8448C629B678FF00231703 /* PBXTargetDependency */,
			);
			name = "TmdbMVVM-UICodeUITests";
			productName = "TmdbMVVM-UICodeUITests";
			productReference = CE8448C429B678FF00231703 /* TmdbMVVM-UICodeUITests.xctest */;
			productType = "com.apple.product-type.bundle.ui-testing";
		};
/* End PBXNativeTarget section */

/* Begin PBXProject section */
		CE84489B29B678F200231703 /* Project object */ = {
			isa = PBXProject;
			attributes = {
				LastSwiftUpdateCheck = 1230;
				LastUpgradeCheck = 1230;
				TargetAttributes = {
					CE8448A229B678F200231703 = {
						CreatedOnToolsVersion = 12.3;
					};
					CE8448B829B678FF00231703 = {
						CreatedOnToolsVersion = 12.3;
						TestTargetID = CE8448A229B678F200231703;
					};
					CE8448C329B678FF00231703 = {
						CreatedOnToolsVersion = 12.3;
						TestTargetID = CE8448A229B678F200231703;
					};
				};
			};
			buildConfigurationList = CE84489E29B678F200231703 /* Build configuration list for PBXProject "TmdbMVVM-UICode" */;
			compatibilityVersion = "Xcode 9.3";
			developmentRegion = en;
			hasScannedForEncodings = 0;
			knownRegions = (
				en,
				Base,
				id,
			);
			mainGroup = CE84489A29B678F200231703;
			productRefGroup = CE8448A429B678F200231703 /* Products */;
			projectDirPath = "";
			projectRoot = "";
			targets = (
				CE8448A229B678F200231703 /* TmdbMVVM-UICode */,
				CE8448B829B678FF00231703 /* TmdbMVVM-UICodeTests */,
				CE8448C329B678FF00231703 /* TmdbMVVM-UICodeUITests */,
			);
		};
/* End PBXProject section */

/* Begin PBXResourcesBuildPhase section */
		CE8448A129B678F200231703 /* Resources */ = {
			isa = PBXResourcesBuildPhase;
			buildActionMask = 2147483647;
			files = (
				CE8448B329B678FF00231703 /* LaunchScreen.storyboard in Resources */,
				CE06282E2A01214700398444 /* Localizable.strings in Resources */,
				CE8448B029B678FF00231703 /* Assets.xcassets in Resources */,
			);
			runOnlyForDeploymentPostprocessing = 0;
		};
		CE8448B729B678FF00231703 /* Resources */ = {
			isa = PBXResourcesBuildPhase;
			buildActionMask = 2147483647;
			files = (
			);
			runOnlyForDeploymentPostprocessing = 0;
		};
		CE8448C229B678FF00231703 /* Resources */ = {
			isa = PBXResourcesBuildPhase;
			buildActionMask = 2147483647;
			files = (
			);
			runOnlyForDeploymentPostprocessing = 0;
		};
/* End PBXResourcesBuildPhase section */

/* Begin PBXShellScriptBuildPhase section */
		0AEB813CB6DA785C11789696 /* [CP] Check Pods Manifest.lock */ = {
			isa = PBXShellScriptBuildPhase;
			buildActionMask = 2147483647;
			files = (
			);
			inputFileListPaths = (
			);
			inputPaths = (
				"${PODS_PODFILE_DIR_PATH}/Podfile.lock",
				"${PODS_ROOT}/Manifest.lock",
			);
			name = "[CP] Check Pods Manifest.lock";
			outputFileListPaths = (
			);
			outputPaths = (
				"$(DERIVED_FILE_DIR)/Pods-TmdbMVVM-UICodeUITests-checkManifestLockResult.txt",
			);
			runOnlyForDeploymentPostprocessing = 0;
			shellPath = /bin/sh;
			shellScript = "diff \"${PODS_PODFILE_DIR_PATH}/Podfile.lock\" \"${PODS_ROOT}/Manifest.lock\" > /dev/null\nif [ $? != 0 ] ; then\n    # print error to STDERR\n    echo \"error: The sandbox is not in sync with the Podfile.lock. Run 'pod install' or update your CocoaPods installation.\" >&2\n    exit 1\nfi\n# This output is used by Xcode 'outputs' to avoid re-running this script phase.\necho \"SUCCESS\" > \"${SCRIPT_OUTPUT_FILE_0}\"\n";
			showEnvVarsInLog = 0;
		};
		333A94A01766BFC06492622C /* [CP] Check Pods Manifest.lock */ = {
			isa = PBXShellScriptBuildPhase;
			buildActionMask = 2147483647;
			files = (
			);
			inputFileListPaths = (
			);
			inputPaths = (
				"${PODS_PODFILE_DIR_PATH}/Podfile.lock",
				"${PODS_ROOT}/Manifest.lock",
			);
			name = "[CP] Check Pods Manifest.lock";
			outputFileListPaths = (
			);
			outputPaths = (
				"$(DERIVED_FILE_DIR)/Pods-TmdbMVVM-UICodeTests-checkManifestLockResult.txt",
			);
			runOnlyForDeploymentPostprocessing = 0;
			shellPath = /bin/sh;
			shellScript = "diff \"${PODS_PODFILE_DIR_PATH}/Podfile.lock\" \"${PODS_ROOT}/Manifest.lock\" > /dev/null\nif [ $? != 0 ] ; then\n    # print error to STDERR\n    echo \"error: The sandbox is not in sync with the Podfile.lock. Run 'pod install' or update your CocoaPods installation.\" >&2\n    exit 1\nfi\n# This output is used by Xcode 'outputs' to avoid re-running this script phase.\necho \"SUCCESS\" > \"${SCRIPT_OUTPUT_FILE_0}\"\n";
			showEnvVarsInLog = 0;
		};
		7A49A11A734BBAB20F68D172 /* [CP] Embed Pods Frameworks */ = {
			isa = PBXShellScriptBuildPhase;
			buildActionMask = 2147483647;
			files = (
			);
			inputFileListPaths = (
				"${PODS_ROOT}/Target Support Files/Pods-TmdbMVVM-UICode/Pods-TmdbMVVM-UICode-frameworks-${CONFIGURATION}-input-files.xcfilelist",
			);
			name = "[CP] Embed Pods Frameworks";
			outputFileListPaths = (
				"${PODS_ROOT}/Target Support Files/Pods-TmdbMVVM-UICode/Pods-TmdbMVVM-UICode-frameworks-${CONFIGURATION}-output-files.xcfilelist",
			);
			runOnlyForDeploymentPostprocessing = 0;
			shellPath = /bin/sh;
			shellScript = "\"${PODS_ROOT}/Target Support Files/Pods-TmdbMVVM-UICode/Pods-TmdbMVVM-UICode-frameworks.sh\"\n";
			showEnvVarsInLog = 0;
		};
		A680F80E83F3238AF71BE397 /* [CP] Check Pods Manifest.lock */ = {
			isa = PBXShellScriptBuildPhase;
			buildActionMask = 2147483647;
			files = (
			);
			inputFileListPaths = (
			);
			inputPaths = (
				"${PODS_PODFILE_DIR_PATH}/Podfile.lock",
				"${PODS_ROOT}/Manifest.lock",
			);
			name = "[CP] Check Pods Manifest.lock";
			outputFileListPaths = (
			);
			outputPaths = (
				"$(DERIVED_FILE_DIR)/Pods-TmdbMVVM-UICode-checkManifestLockResult.txt",
			);
			runOnlyForDeploymentPostprocessing = 0;
			shellPath = /bin/sh;
			shellScript = "diff \"${PODS_PODFILE_DIR_PATH}/Podfile.lock\" \"${PODS_ROOT}/Manifest.lock\" > /dev/null\nif [ $? != 0 ] ; then\n    # print error to STDERR\n    echo \"error: The sandbox is not in sync with the Podfile.lock. Run 'pod install' or update your CocoaPods installation.\" >&2\n    exit 1\nfi\n# This output is used by Xcode 'outputs' to avoid re-running this script phase.\necho \"SUCCESS\" > \"${SCRIPT_OUTPUT_FILE_0}\"\n";
			showEnvVarsInLog = 0;
		};
/* End PBXShellScriptBuildPhase section */

/* Begin PBXSourcesBuildPhase section */
		CE84489F29B678F200231703 /* Sources */ = {
			isa = PBXSourcesBuildPhase;
			buildActionMask = 2147483647;
			files = (
				CE0631D62A03DEE500398444 /* Coordinator.swift in Sources */,
				CE84497629B6807A00231703 /* AppCoordinator.swift in Sources */,
				CE8448A729B678F200231703 /* AppDelegate.swift in Sources */,
			);
			runOnlyForDeploymentPostprocessing = 0;
		};
		CE8448B529B678FF00231703 /* Sources */ = {
			isa = PBXSourcesBuildPhase;
			buildActionMask = 2147483647;
			files = (
				CE8448BE29B678FF00231703 /* TmdbMVVM_UICodeTests.swift in Sources */,
			);
			runOnlyForDeploymentPostprocessing = 0;
		};
		CE8448C029B678FF00231703 /* Sources */ = {
			isa = PBXSourcesBuildPhase;
			buildActionMask = 2147483647;
			files = (
				CE8448C929B678FF00231703 /* TmdbMVVM_UICodeUITests.swift in Sources */,
			);
			runOnlyForDeploymentPostprocessing = 0;
		};
/* End PBXSourcesBuildPhase section */

/* Begin PBXTargetDependency section */
		CE8448BB29B678FF00231703 /* PBXTargetDependency */ = {
			isa = PBXTargetDependency;
			target = CE8448A229B678F200231703 /* TmdbMVVM-UICode */;
			targetProxy = CE8448BA29B678FF00231703 /* PBXContainerItemProxy */;
		};
		CE8448C629B678FF00231703 /* PBXTargetDependency */ = {
			isa = PBXTargetDependency;
			target = CE8448A229B678F200231703 /* TmdbMVVM-UICode */;
			targetProxy = CE8448C529B678FF00231703 /* PBXContainerItemProxy */;
		};
/* End PBXTargetDependency section */

/* Begin PBXVariantGroup section */
		CE0628302A01214700398444 /* Localizable.strings */ = {
			isa = PBXVariantGroup;
			children = (
				CE06282F2A01214700398444 /* id */,
				CE0628342A01214C00398444 /* en */,
			);
			name = Localizable.strings;
			sourceTree = "<group>";
		};
		CE8448B129B678FF00231703 /* LaunchScreen.storyboard */ = {
			isa = PBXVariantGroup;
			children = (
				CE8448B229B678FF00231703 /* Base */,
				CE0628252A01212000398444 /* id */,
			);
			name = LaunchScreen.storyboard;
			sourceTree = "<group>";
		};
/* End PBXVariantGroup section */

/* Begin XCBuildConfiguration section */
		CE8448CB29B678FF00231703 /* Debug Staging */ = {
			isa = XCBuildConfiguration;
			buildSettings = {
				ALWAYS_SEARCH_USER_PATHS = NO;
				CLANG_ANALYZER_LOCALIZABILITY_NONLOCALIZED = YES;
				CLANG_ANALYZER_NONNULL = YES;
				CLANG_ANALYZER_NUMBER_OBJECT_CONVERSION = YES_AGGRESSIVE;
				CLANG_CXX_LANGUAGE_STANDARD = "gnu++14";
				CLANG_CXX_LIBRARY = "libc++";
				CLANG_ENABLE_MODULES = YES;
				CLANG_ENABLE_OBJC_ARC = YES;
				CLANG_ENABLE_OBJC_WEAK = YES;
				CLANG_WARN_BLOCK_CAPTURE_AUTORELEASING = YES;
				CLANG_WARN_BOOL_CONVERSION = YES;
				CLANG_WARN_COMMA = YES;
				CLANG_WARN_CONSTANT_CONVERSION = YES;
				CLANG_WARN_DEPRECATED_OBJC_IMPLEMENTATIONS = YES;
				CLANG_WARN_DIRECT_OBJC_ISA_USAGE = YES_ERROR;
				CLANG_WARN_DOCUMENTATION_COMMENTS = YES;
				CLANG_WARN_EMPTY_BODY = YES;
				CLANG_WARN_ENUM_CONVERSION = YES;
				CLANG_WARN_INFINITE_RECURSION = YES;
				CLANG_WARN_INT_CONVERSION = YES;
				CLANG_WARN_NON_LITERAL_NULL_CONVERSION = YES;
				CLANG_WARN_OBJC_IMPLICIT_RETAIN_SELF = YES;
				CLANG_WARN_OBJC_LITERAL_CONVERSION = YES;
				CLANG_WARN_OBJC_ROOT_CLASS = YES_ERROR;
				CLANG_WARN_QUOTED_INCLUDE_IN_FRAMEWORK_HEADER = YES;
				CLANG_WARN_RANGE_LOOP_ANALYSIS = YES;
				CLANG_WARN_STRICT_PROTOTYPES = YES;
				CLANG_WARN_SUSPICIOUS_MOVE = YES;
				CLANG_WARN_UNGUARDED_AVAILABILITY = YES_AGGRESSIVE;
				CLANG_WARN_UNREACHABLE_CODE = YES;
				CLANG_WARN__DUPLICATE_METHOD_MATCH = YES;
				COPY_PHASE_STRIP = NO;
				DEBUG_INFORMATION_FORMAT = dwarf;
				ENABLE_STRICT_OBJC_MSGSEND = YES;
				ENABLE_TESTABILITY = YES;
				GCC_C_LANGUAGE_STANDARD = gnu11;
				GCC_DYNAMIC_NO_PIC = NO;
				GCC_NO_COMMON_BLOCKS = YES;
				GCC_OPTIMIZATION_LEVEL = 0;
				GCC_PREPROCESSOR_DEFINITIONS = (
					"DEBUG=1",
					"$(inherited)",
				);
				GCC_WARN_64_TO_32_BIT_CONVERSION = YES;
				GCC_WARN_ABOUT_RETURN_TYPE = YES_ERROR;
				GCC_WARN_UNDECLARED_SELECTOR = YES;
				GCC_WARN_UNINITIALIZED_AUTOS = YES_AGGRESSIVE;
				GCC_WARN_UNUSED_FUNCTION = YES;
				GCC_WARN_UNUSED_VARIABLE = YES;
				IPHONEOS_DEPLOYMENT_TARGET = 14.3;
				MTL_ENABLE_DEBUG_INFO = INCLUDE_SOURCE;
				MTL_FAST_MATH = YES;
				ONLY_ACTIVE_ARCH = YES;
				SDKROOT = iphoneos;
				SWIFT_ACTIVE_COMPILATION_CONDITIONS = DEBUG;
				SWIFT_OPTIMIZATION_LEVEL = "-Onone";
			};
			name = "Debug Staging";
		};
		CE8448CC29B678FF00231703 /* Release Staging */ = {
			isa = XCBuildConfiguration;
			buildSettings = {
				ALWAYS_SEARCH_USER_PATHS = NO;
				CLANG_ANALYZER_LOCALIZABILITY_NONLOCALIZED = YES;
				CLANG_ANALYZER_NONNULL = YES;
				CLANG_ANALYZER_NUMBER_OBJECT_CONVERSION = YES_AGGRESSIVE;
				CLANG_CXX_LANGUAGE_STANDARD = "gnu++14";
				CLANG_CXX_LIBRARY = "libc++";
				CLANG_ENABLE_MODULES = YES;
				CLANG_ENABLE_OBJC_ARC = YES;
				CLANG_ENABLE_OBJC_WEAK = YES;
				CLANG_WARN_BLOCK_CAPTURE_AUTORELEASING = YES;
				CLANG_WARN_BOOL_CONVERSION = YES;
				CLANG_WARN_COMMA = YES;
				CLANG_WARN_CONSTANT_CONVERSION = YES;
				CLANG_WARN_DEPRECATED_OBJC_IMPLEMENTATIONS = YES;
				CLANG_WARN_DIRECT_OBJC_ISA_USAGE = YES_ERROR;
				CLANG_WARN_DOCUMENTATION_COMMENTS = YES;
				CLANG_WARN_EMPTY_BODY = YES;
				CLANG_WARN_ENUM_CONVERSION = YES;
				CLANG_WARN_INFINITE_RECURSION = YES;
				CLANG_WARN_INT_CONVERSION = YES;
				CLANG_WARN_NON_LITERAL_NULL_CONVERSION = YES;
				CLANG_WARN_OBJC_IMPLICIT_RETAIN_SELF = YES;
				CLANG_WARN_OBJC_LITERAL_CONVERSION = YES;
				CLANG_WARN_OBJC_ROOT_CLASS = YES_ERROR;
				CLANG_WARN_QUOTED_INCLUDE_IN_FRAMEWORK_HEADER = YES;
				CLANG_WARN_RANGE_LOOP_ANALYSIS = YES;
				CLANG_WARN_STRICT_PROTOTYPES = YES;
				CLANG_WARN_SUSPICIOUS_MOVE = YES;
				CLANG_WARN_UNGUARDED_AVAILABILITY = YES_AGGRESSIVE;
				CLANG_WARN_UNREACHABLE_CODE = YES;
				CLANG_WARN__DUPLICATE_METHOD_MATCH = YES;
				COPY_PHASE_STRIP = NO;
				DEBUG_INFORMATION_FORMAT = "dwarf-with-dsym";
				ENABLE_NS_ASSERTIONS = NO;
				ENABLE_STRICT_OBJC_MSGSEND = YES;
				GCC_C_LANGUAGE_STANDARD = gnu11;
				GCC_NO_COMMON_BLOCKS = YES;
				GCC_WARN_64_TO_32_BIT_CONVERSION = YES;
				GCC_WARN_ABOUT_RETURN_TYPE = YES_ERROR;
				GCC_WARN_UNDECLARED_SELECTOR = YES;
				GCC_WARN_UNINITIALIZED_AUTOS = YES_AGGRESSIVE;
				GCC_WARN_UNUSED_FUNCTION = YES;
				GCC_WARN_UNUSED_VARIABLE = YES;
				IPHONEOS_DEPLOYMENT_TARGET = 14.3;
				MTL_ENABLE_DEBUG_INFO = NO;
				MTL_FAST_MATH = YES;
				SDKROOT = iphoneos;
				SWIFT_COMPILATION_MODE = wholemodule;
				SWIFT_OPTIMIZATION_LEVEL = "-O";
				VALIDATE_PRODUCT = YES;
			};
			name = "Release Staging";
		};
		CE8448CE29B678FF00231703 /* Debug Staging */ = {
			isa = XCBuildConfiguration;
			baseConfigurationReference = D2CA19EB478510C8D88A707A /* Pods-TmdbMVVM-UICode.debug staging.xcconfig */;
			buildSettings = {
				ASSETCATALOG_COMPILER_APPICON_NAME = AppIcon;
				ASSETCATALOG_COMPILER_GLOBAL_ACCENT_COLOR_NAME = AccentColor;
				CODE_SIGN_STYLE = Automatic;
				DEVELOPMENT_TEAM = Q63MQDT7DY;
				INFOPLIST_FILE = "TmdbMVVM-UICode/App/Info.plist";
				LD_RUNPATH_SEARCH_PATHS = (
					"$(inherited)",
					"@executable_path/Frameworks",
				);
				PRODUCT_BUNDLE_IDENTIFIER = "com.dpfht.TmdbMVVM-IB.staging.debug";
				PRODUCT_NAME = "TmdbMVVM-UICode (Staging-Debug)";
				SWIFT_VERSION = 5.0;
				TARGETED_DEVICE_FAMILY = "1,2";
			};
			name = "Debug Staging";
		};
		CE8448CF29B678FF00231703 /* Release Staging */ = {
			isa = XCBuildConfiguration;
			baseConfigurationReference = B8D32BDF2826404171B255DC /* Pods-TmdbMVVM-UICode.release staging.xcconfig */;
			buildSettings = {
				ASSETCATALOG_COMPILER_APPICON_NAME = AppIcon;
				ASSETCATALOG_COMPILER_GLOBAL_ACCENT_COLOR_NAME = AccentColor;
				CODE_SIGN_STYLE = Automatic;
				DEVELOPMENT_TEAM = Q63MQDT7DY;
				INFOPLIST_FILE = "TmdbMVVM-UICode/App/Info.plist";
				LD_RUNPATH_SEARCH_PATHS = (
					"$(inherited)",
					"@executable_path/Frameworks",
				);
				PRODUCT_BUNDLE_IDENTIFIER = "com.dpfht.TmdbMVVM-IB.staging";
				PRODUCT_NAME = "TmdbMVVM-UICode (Staging)";
				SWIFT_VERSION = 5.0;
				TARGETED_DEVICE_FAMILY = "1,2";
			};
			name = "Release Staging";
		};
		CE8448D129B678FF00231703 /* Debug Staging */ = {
			isa = XCBuildConfiguration;
			baseConfigurationReference = CE388B2061A89B978115FA4A /* Pods-TmdbMVVM-UICodeTests.debug staging.xcconfig */;
			buildSettings = {
				ALWAYS_EMBED_SWIFT_STANDARD_LIBRARIES = YES;
				BUNDLE_LOADER = "$(TEST_HOST)";
				CODE_SIGN_STYLE = Automatic;
				DEVELOPMENT_TEAM = Q63MQDT7DY;
				INFOPLIST_FILE = "TmdbMVVM-UICodeTests/Info.plist";
				IPHONEOS_DEPLOYMENT_TARGET = 14.3;
				LD_RUNPATH_SEARCH_PATHS = (
					"$(inherited)",
					"@executable_path/Frameworks",
					"@loader_path/Frameworks",
				);
				PRODUCT_BUNDLE_IDENTIFIER = "com.dpfht.TmdbMVVM-UICodeTests";
				PRODUCT_NAME = "$(TARGET_NAME)";
				SWIFT_VERSION = 5.0;
				TARGETED_DEVICE_FAMILY = "1,2";
				TEST_HOST = "$(BUILT_PRODUCTS_DIR)/TmdbMVVM-UICode.app/TmdbMVVM-UICode";
			};
			name = "Debug Staging";
		};
		CE8448D229B678FF00231703 /* Release Staging */ = {
			isa = XCBuildConfiguration;
			baseConfigurationReference = 09D9646A31ECF49B112F9575 /* Pods-TmdbMVVM-UICodeTests.release staging.xcconfig */;
			buildSettings = {
				ALWAYS_EMBED_SWIFT_STANDARD_LIBRARIES = YES;
				BUNDLE_LOADER = "$(TEST_HOST)";
				CODE_SIGN_STYLE = Automatic;
				DEVELOPMENT_TEAM = Q63MQDT7DY;
				INFOPLIST_FILE = "TmdbMVVM-UICodeTests/Info.plist";
				IPHONEOS_DEPLOYMENT_TARGET = 14.3;
				LD_RUNPATH_SEARCH_PATHS = (
					"$(inherited)",
					"@executable_path/Frameworks",
					"@loader_path/Frameworks",
				);
				PRODUCT_BUNDLE_IDENTIFIER = "com.dpfht.TmdbMVVM-UICodeTests";
				PRODUCT_NAME = "$(TARGET_NAME)";
				SWIFT_VERSION = 5.0;
				TARGETED_DEVICE_FAMILY = "1,2";
				TEST_HOST = "$(BUILT_PRODUCTS_DIR)/TmdbMVVM-UICode.app/TmdbMVVM-UICode";
			};
			name = "Release Staging";
		};
		CE8448D429B678FF00231703 /* Debug Staging */ = {
			isa = XCBuildConfiguration;
			baseConfigurationReference = 053BB8C46872179C0B2DB647 /* Pods-TmdbMVVM-UICodeUITests.debug staging.xcconfig */;
			buildSettings = {
				ALWAYS_EMBED_SWIFT_STANDARD_LIBRARIES = YES;
				CODE_SIGN_STYLE = Automatic;
				DEVELOPMENT_TEAM = Q63MQDT7DY;
				INFOPLIST_FILE = "TmdbMVVM-UICodeUITests/Info.plist";
				LD_RUNPATH_SEARCH_PATHS = (
					"$(inherited)",
					"@executable_path/Frameworks",
					"@loader_path/Frameworks",
				);
				PRODUCT_BUNDLE_IDENTIFIER = "com.dpfht.TmdbMVVM-UICodeUITests";
				PRODUCT_NAME = "$(TARGET_NAME)";
				SWIFT_VERSION = 5.0;
				TARGETED_DEVICE_FAMILY = "1,2";
				TEST_TARGET_NAME = "TmdbMVVM-UICode";
			};
			name = "Debug Staging";
		};
		CE8448D529B678FF00231703 /* Release Staging */ = {
			isa = XCBuildConfiguration;
			baseConfigurationReference = 6901B77C2E2367DB2A22532D /* Pods-TmdbMVVM-UICodeUITests.release staging.xcconfig */;
			buildSettings = {
				ALWAYS_EMBED_SWIFT_STANDARD_LIBRARIES = YES;
				CODE_SIGN_STYLE = Automatic;
				DEVELOPMENT_TEAM = Q63MQDT7DY;
				INFOPLIST_FILE = "TmdbMVVM-UICodeUITests/Info.plist";
				LD_RUNPATH_SEARCH_PATHS = (
					"$(inherited)",
					"@executable_path/Frameworks",
					"@loader_path/Frameworks",
				);
				PRODUCT_BUNDLE_IDENTIFIER = "com.dpfht.TmdbMVVM-UICodeUITests";
				PRODUCT_NAME = "$(TARGET_NAME)";
				SWIFT_VERSION = 5.0;
				TARGETED_DEVICE_FAMILY = "1,2";
				TEST_TARGET_NAME = "TmdbMVVM-UICode";
			};
			name = "Release Staging";
		};
		CE84497A29B6819000231703 /* Debug Production */ = {
			isa = XCBuildConfiguration;
			buildSettings = {
				ALWAYS_SEARCH_USER_PATHS = NO;
				CLANG_ANALYZER_LOCALIZABILITY_NONLOCALIZED = YES;
				CLANG_ANALYZER_NONNULL = YES;
				CLANG_ANALYZER_NUMBER_OBJECT_CONVERSION = YES_AGGRESSIVE;
				CLANG_CXX_LANGUAGE_STANDARD = "gnu++14";
				CLANG_CXX_LIBRARY = "libc++";
				CLANG_ENABLE_MODULES = YES;
				CLANG_ENABLE_OBJC_ARC = YES;
				CLANG_ENABLE_OBJC_WEAK = YES;
				CLANG_WARN_BLOCK_CAPTURE_AUTORELEASING = YES;
				CLANG_WARN_BOOL_CONVERSION = YES;
				CLANG_WARN_COMMA = YES;
				CLANG_WARN_CONSTANT_CONVERSION = YES;
				CLANG_WARN_DEPRECATED_OBJC_IMPLEMENTATIONS = YES;
				CLANG_WARN_DIRECT_OBJC_ISA_USAGE = YES_ERROR;
				CLANG_WARN_DOCUMENTATION_COMMENTS = YES;
				CLANG_WARN_EMPTY_BODY = YES;
				CLANG_WARN_ENUM_CONVERSION = YES;
				CLANG_WARN_INFINITE_RECURSION = YES;
				CLANG_WARN_INT_CONVERSION = YES;
				CLANG_WARN_NON_LITERAL_NULL_CONVERSION = YES;
				CLANG_WARN_OBJC_IMPLICIT_RETAIN_SELF = YES;
				CLANG_WARN_OBJC_LITERAL_CONVERSION = YES;
				CLANG_WARN_OBJC_ROOT_CLASS = YES_ERROR;
				CLANG_WARN_QUOTED_INCLUDE_IN_FRAMEWORK_HEADER = YES;
				CLANG_WARN_RANGE_LOOP_ANALYSIS = YES;
				CLANG_WARN_STRICT_PROTOTYPES = YES;
				CLANG_WARN_SUSPICIOUS_MOVE = YES;
				CLANG_WARN_UNGUARDED_AVAILABILITY = YES_AGGRESSIVE;
				CLANG_WARN_UNREACHABLE_CODE = YES;
				CLANG_WARN__DUPLICATE_METHOD_MATCH = YES;
				COPY_PHASE_STRIP = NO;
				DEBUG_INFORMATION_FORMAT = dwarf;
				ENABLE_STRICT_OBJC_MSGSEND = YES;
				ENABLE_TESTABILITY = YES;
				GCC_C_LANGUAGE_STANDARD = gnu11;
				GCC_DYNAMIC_NO_PIC = NO;
				GCC_NO_COMMON_BLOCKS = YES;
				GCC_OPTIMIZATION_LEVEL = 0;
				GCC_PREPROCESSOR_DEFINITIONS = (
					"DEBUG=1",
					"$(inherited)",
				);
				GCC_WARN_64_TO_32_BIT_CONVERSION = YES;
				GCC_WARN_ABOUT_RETURN_TYPE = YES_ERROR;
				GCC_WARN_UNDECLARED_SELECTOR = YES;
				GCC_WARN_UNINITIALIZED_AUTOS = YES_AGGRESSIVE;
				GCC_WARN_UNUSED_FUNCTION = YES;
				GCC_WARN_UNUSED_VARIABLE = YES;
				IPHONEOS_DEPLOYMENT_TARGET = 14.3;
				MTL_ENABLE_DEBUG_INFO = INCLUDE_SOURCE;
				MTL_FAST_MATH = YES;
				ONLY_ACTIVE_ARCH = YES;
				SDKROOT = iphoneos;
				SWIFT_ACTIVE_COMPILATION_CONDITIONS = DEBUG;
				SWIFT_OPTIMIZATION_LEVEL = "-Onone";
			};
			name = "Debug Production";
		};
		CE84497B29B6819000231703 /* Debug Production */ = {
			isa = XCBuildConfiguration;
			baseConfigurationReference = 61785AD5264514922ECF0E1F /* Pods-TmdbMVVM-UICode.debug production.xcconfig */;
			buildSettings = {
				ASSETCATALOG_COMPILER_APPICON_NAME = AppIcon;
				ASSETCATALOG_COMPILER_GLOBAL_ACCENT_COLOR_NAME = AccentColor;
				CODE_SIGN_STYLE = Automatic;
				DEVELOPMENT_TEAM = Q63MQDT7DY;
				INFOPLIST_FILE = "TmdbMVVM-UICode/App/Info.plist";
				LD_RUNPATH_SEARCH_PATHS = (
					"$(inherited)",
					"@executable_path/Frameworks",
				);
				PRODUCT_BUNDLE_IDENTIFIER = "com.dpfht.TmdbMVVM-UICode.debug";
				PRODUCT_NAME = "TmdbMVVM-UICode (Debug)";
				SWIFT_VERSION = 5.0;
				TARGETED_DEVICE_FAMILY = "1,2";
			};
			name = "Debug Production";
		};
		CE84497C29B6819000231703 /* Debug Production */ = {
			isa = XCBuildConfiguration;
			baseConfigurationReference = 9FF0FA36133A9F467A9DD5E6 /* Pods-TmdbMVVM-UICodeTests.debug production.xcconfig */;
			buildSettings = {
				ALWAYS_EMBED_SWIFT_STANDARD_LIBRARIES = YES;
				BUNDLE_LOADER = "$(TEST_HOST)";
				CODE_SIGN_STYLE = Automatic;
				DEVELOPMENT_TEAM = Q63MQDT7DY;
				INFOPLIST_FILE = "TmdbMVVM-UICodeTests/Info.plist";
				IPHONEOS_DEPLOYMENT_TARGET = 14.3;
				LD_RUNPATH_SEARCH_PATHS = (
					"$(inherited)",
					"@executable_path/Frameworks",
					"@loader_path/Frameworks",
				);
				PRODUCT_BUNDLE_IDENTIFIER = "com.dpfht.TmdbMVVM-UICodeTests";
				PRODUCT_NAME = "$(TARGET_NAME)";
				SWIFT_VERSION = 5.0;
				TARGETED_DEVICE_FAMILY = "1,2";
				TEST_HOST = "$(BUILT_PRODUCTS_DIR)/TmdbMVVM-UICode.app/TmdbMVVM-UICode";
			};
			name = "Debug Production";
		};
		CE84497D29B6819000231703 /* Debug Production */ = {
			isa = XCBuildConfiguration;
			baseConfigurationReference = 7CCA648201316E9D3CE0C21B /* Pods-TmdbMVVM-UICodeUITests.debug production.xcconfig */;
			buildSettings = {
				ALWAYS_EMBED_SWIFT_STANDARD_LIBRARIES = YES;
				CODE_SIGN_STYLE = Automatic;
				DEVELOPMENT_TEAM = Q63MQDT7DY;
				INFOPLIST_FILE = "TmdbMVVM-UICodeUITests/Info.plist";
				LD_RUNPATH_SEARCH_PATHS = (
					"$(inherited)",
					"@executable_path/Frameworks",
					"@loader_path/Frameworks",
				);
				PRODUCT_BUNDLE_IDENTIFIER = "com.dpfht.TmdbMVVM-UICodeUITests";
				PRODUCT_NAME = "$(TARGET_NAME)";
				SWIFT_VERSION = 5.0;
				TARGETED_DEVICE_FAMILY = "1,2";
				TEST_TARGET_NAME = "TmdbMVVM-UICode";
			};
			name = "Debug Production";
		};
		CE84497E29B6819800231703 /* Debug Verify */ = {
			isa = XCBuildConfiguration;
			buildSettings = {
				ALWAYS_SEARCH_USER_PATHS = NO;
				CLANG_ANALYZER_LOCALIZABILITY_NONLOCALIZED = YES;
				CLANG_ANALYZER_NONNULL = YES;
				CLANG_ANALYZER_NUMBER_OBJECT_CONVERSION = YES_AGGRESSIVE;
				CLANG_CXX_LANGUAGE_STANDARD = "gnu++14";
				CLANG_CXX_LIBRARY = "libc++";
				CLANG_ENABLE_MODULES = YES;
				CLANG_ENABLE_OBJC_ARC = YES;
				CLANG_ENABLE_OBJC_WEAK = YES;
				CLANG_WARN_BLOCK_CAPTURE_AUTORELEASING = YES;
				CLANG_WARN_BOOL_CONVERSION = YES;
				CLANG_WARN_COMMA = YES;
				CLANG_WARN_CONSTANT_CONVERSION = YES;
				CLANG_WARN_DEPRECATED_OBJC_IMPLEMENTATIONS = YES;
				CLANG_WARN_DIRECT_OBJC_ISA_USAGE = YES_ERROR;
				CLANG_WARN_DOCUMENTATION_COMMENTS = YES;
				CLANG_WARN_EMPTY_BODY = YES;
				CLANG_WARN_ENUM_CONVERSION = YES;
				CLANG_WARN_INFINITE_RECURSION = YES;
				CLANG_WARN_INT_CONVERSION = YES;
				CLANG_WARN_NON_LITERAL_NULL_CONVERSION = YES;
				CLANG_WARN_OBJC_IMPLICIT_RETAIN_SELF = YES;
				CLANG_WARN_OBJC_LITERAL_CONVERSION = YES;
				CLANG_WARN_OBJC_ROOT_CLASS = YES_ERROR;
				CLANG_WARN_QUOTED_INCLUDE_IN_FRAMEWORK_HEADER = YES;
				CLANG_WARN_RANGE_LOOP_ANALYSIS = YES;
				CLANG_WARN_STRICT_PROTOTYPES = YES;
				CLANG_WARN_SUSPICIOUS_MOVE = YES;
				CLANG_WARN_UNGUARDED_AVAILABILITY = YES_AGGRESSIVE;
				CLANG_WARN_UNREACHABLE_CODE = YES;
				CLANG_WARN__DUPLICATE_METHOD_MATCH = YES;
				COPY_PHASE_STRIP = NO;
				DEBUG_INFORMATION_FORMAT = dwarf;
				ENABLE_STRICT_OBJC_MSGSEND = YES;
				ENABLE_TESTABILITY = YES;
				GCC_C_LANGUAGE_STANDARD = gnu11;
				GCC_DYNAMIC_NO_PIC = NO;
				GCC_NO_COMMON_BLOCKS = YES;
				GCC_OPTIMIZATION_LEVEL = 0;
				GCC_PREPROCESSOR_DEFINITIONS = (
					"DEBUG=1",
					"$(inherited)",
				);
				GCC_WARN_64_TO_32_BIT_CONVERSION = YES;
				GCC_WARN_ABOUT_RETURN_TYPE = YES_ERROR;
				GCC_WARN_UNDECLARED_SELECTOR = YES;
				GCC_WARN_UNINITIALIZED_AUTOS = YES_AGGRESSIVE;
				GCC_WARN_UNUSED_FUNCTION = YES;
				GCC_WARN_UNUSED_VARIABLE = YES;
				IPHONEOS_DEPLOYMENT_TARGET = 14.3;
				MTL_ENABLE_DEBUG_INFO = INCLUDE_SOURCE;
				MTL_FAST_MATH = YES;
				ONLY_ACTIVE_ARCH = YES;
				SDKROOT = iphoneos;
				SWIFT_ACTIVE_COMPILATION_CONDITIONS = DEBUG;
				SWIFT_OPTIMIZATION_LEVEL = "-Onone";
			};
			name = "Debug Verify";
		};
		CE84497F29B6819800231703 /* Debug Verify */ = {
			isa = XCBuildConfiguration;
			baseConfigurationReference = 643D77CAA44F87528FF19C83 /* Pods-TmdbMVVM-UICode.debug verify.xcconfig */;
			buildSettings = {
				ASSETCATALOG_COMPILER_APPICON_NAME = AppIcon;
				ASSETCATALOG_COMPILER_GLOBAL_ACCENT_COLOR_NAME = AccentColor;
				CODE_SIGN_STYLE = Automatic;
				DEVELOPMENT_TEAM = Q63MQDT7DY;
				INFOPLIST_FILE = "TmdbMVVM-UICode/App/Info.plist";
				LD_RUNPATH_SEARCH_PATHS = (
					"$(inherited)",
					"@executable_path/Frameworks",
				);
				PRODUCT_BUNDLE_IDENTIFIER = "com.dpfht.TmdbMVVM-IB.verify.debug";
				PRODUCT_NAME = "TmdbMVVM-UICode (Verify-Debug)";
				SWIFT_VERSION = 5.0;
				TARGETED_DEVICE_FAMILY = "1,2";
			};
			name = "Debug Verify";
		};
		CE84498029B6819800231703 /* Debug Verify */ = {
			isa = XCBuildConfiguration;
			baseConfigurationReference = 1FEBE953ECCDE593D6FAA93C /* Pods-TmdbMVVM-UICodeTests.debug verify.xcconfig */;
			buildSettings = {
				ALWAYS_EMBED_SWIFT_STANDARD_LIBRARIES = YES;
				BUNDLE_LOADER = "$(TEST_HOST)";
				CODE_SIGN_STYLE = Automatic;
				DEVELOPMENT_TEAM = Q63MQDT7DY;
				INFOPLIST_FILE = "TmdbMVVM-UICodeTests/Info.plist";
				IPHONEOS_DEPLOYMENT_TARGET = 14.3;
				LD_RUNPATH_SEARCH_PATHS = (
					"$(inherited)",
					"@executable_path/Frameworks",
					"@loader_path/Frameworks",
				);
				PRODUCT_BUNDLE_IDENTIFIER = "com.dpfht.TmdbMVVM-UICodeTests";
				PRODUCT_NAME = "$(TARGET_NAME)";
				SWIFT_VERSION = 5.0;
				TARGETED_DEVICE_FAMILY = "1,2";
				TEST_HOST = "$(BUILT_PRODUCTS_DIR)/TmdbMVVM-UICode.app/TmdbMVVM-UICode";
			};
			name = "Debug Verify";
		};
		CE84498129B6819800231703 /* Debug Verify */ = {
			isa = XCBuildConfiguration;
			baseConfigurationReference = 337C7A5EE5034B62F7D132E4 /* Pods-TmdbMVVM-UICodeUITests.debug verify.xcconfig */;
			buildSettings = {
				ALWAYS_EMBED_SWIFT_STANDARD_LIBRARIES = YES;
				CODE_SIGN_STYLE = Automatic;
				DEVELOPMENT_TEAM = Q63MQDT7DY;
				INFOPLIST_FILE = "TmdbMVVM-UICodeUITests/Info.plist";
				LD_RUNPATH_SEARCH_PATHS = (
					"$(inherited)",
					"@executable_path/Frameworks",
					"@loader_path/Frameworks",
				);
				PRODUCT_BUNDLE_IDENTIFIER = "com.dpfht.TmdbMVVM-UICodeUITests";
				PRODUCT_NAME = "$(TARGET_NAME)";
				SWIFT_VERSION = 5.0;
				TARGETED_DEVICE_FAMILY = "1,2";
				TEST_TARGET_NAME = "TmdbMVVM-UICode";
			};
			name = "Debug Verify";
		};
		CE84498229B681B800231703 /* Release Verify */ = {
			isa = XCBuildConfiguration;
			buildSettings = {
				ALWAYS_SEARCH_USER_PATHS = NO;
				CLANG_ANALYZER_LOCALIZABILITY_NONLOCALIZED = YES;
				CLANG_ANALYZER_NONNULL = YES;
				CLANG_ANALYZER_NUMBER_OBJECT_CONVERSION = YES_AGGRESSIVE;
				CLANG_CXX_LANGUAGE_STANDARD = "gnu++14";
				CLANG_CXX_LIBRARY = "libc++";
				CLANG_ENABLE_MODULES = YES;
				CLANG_ENABLE_OBJC_ARC = YES;
				CLANG_ENABLE_OBJC_WEAK = YES;
				CLANG_WARN_BLOCK_CAPTURE_AUTORELEASING = YES;
				CLANG_WARN_BOOL_CONVERSION = YES;
				CLANG_WARN_COMMA = YES;
				CLANG_WARN_CONSTANT_CONVERSION = YES;
				CLANG_WARN_DEPRECATED_OBJC_IMPLEMENTATIONS = YES;
				CLANG_WARN_DIRECT_OBJC_ISA_USAGE = YES_ERROR;
				CLANG_WARN_DOCUMENTATION_COMMENTS = YES;
				CLANG_WARN_EMPTY_BODY = YES;
				CLANG_WARN_ENUM_CONVERSION = YES;
				CLANG_WARN_INFINITE_RECURSION = YES;
				CLANG_WARN_INT_CONVERSION = YES;
				CLANG_WARN_NON_LITERAL_NULL_CONVERSION = YES;
				CLANG_WARN_OBJC_IMPLICIT_RETAIN_SELF = YES;
				CLANG_WARN_OBJC_LITERAL_CONVERSION = YES;
				CLANG_WARN_OBJC_ROOT_CLASS = YES_ERROR;
				CLANG_WARN_QUOTED_INCLUDE_IN_FRAMEWORK_HEADER = YES;
				CLANG_WARN_RANGE_LOOP_ANALYSIS = YES;
				CLANG_WARN_STRICT_PROTOTYPES = YES;
				CLANG_WARN_SUSPICIOUS_MOVE = YES;
				CLANG_WARN_UNGUARDED_AVAILABILITY = YES_AGGRESSIVE;
				CLANG_WARN_UNREACHABLE_CODE = YES;
				CLANG_WARN__DUPLICATE_METHOD_MATCH = YES;
				COPY_PHASE_STRIP = NO;
				DEBUG_INFORMATION_FORMAT = "dwarf-with-dsym";
				ENABLE_NS_ASSERTIONS = NO;
				ENABLE_STRICT_OBJC_MSGSEND = YES;
				GCC_C_LANGUAGE_STANDARD = gnu11;
				GCC_NO_COMMON_BLOCKS = YES;
				GCC_WARN_64_TO_32_BIT_CONVERSION = YES;
				GCC_WARN_ABOUT_RETURN_TYPE = YES_ERROR;
				GCC_WARN_UNDECLARED_SELECTOR = YES;
				GCC_WARN_UNINITIALIZED_AUTOS = YES_AGGRESSIVE;
				GCC_WARN_UNUSED_FUNCTION = YES;
				GCC_WARN_UNUSED_VARIABLE = YES;
				IPHONEOS_DEPLOYMENT_TARGET = 14.3;
				MTL_ENABLE_DEBUG_INFO = NO;
				MTL_FAST_MATH = YES;
				SDKROOT = iphoneos;
				SWIFT_COMPILATION_MODE = wholemodule;
				SWIFT_OPTIMIZATION_LEVEL = "-O";
				VALIDATE_PRODUCT = YES;
			};
			name = "Release Verify";
		};
		CE84498329B681B800231703 /* Release Verify */ = {
			isa = XCBuildConfiguration;
			baseConfigurationReference = EB20711CA8CF74D172D63863 /* Pods-TmdbMVVM-UICode.release verify.xcconfig */;
			buildSettings = {
				ASSETCATALOG_COMPILER_APPICON_NAME = AppIcon;
				ASSETCATALOG_COMPILER_GLOBAL_ACCENT_COLOR_NAME = AccentColor;
				CODE_SIGN_STYLE = Automatic;
				DEVELOPMENT_TEAM = Q63MQDT7DY;
				INFOPLIST_FILE = "TmdbMVVM-UICode/App/Info.plist";
				LD_RUNPATH_SEARCH_PATHS = (
					"$(inherited)",
					"@executable_path/Frameworks",
				);
				PRODUCT_BUNDLE_IDENTIFIER = "com.dpfht.TmdbMVVM-IB.verify";
				PRODUCT_NAME = "TmdbMVVM-UICode (Verify)";
				SWIFT_VERSION = 5.0;
				TARGETED_DEVICE_FAMILY = "1,2";
			};
			name = "Release Verify";
		};
		CE84498429B681B800231703 /* Release Verify */ = {
			isa = XCBuildConfiguration;
			baseConfigurationReference = 6F0332B2C73D8FED4A6752F9 /* Pods-TmdbMVVM-UICodeTests.release verify.xcconfig */;
			buildSettings = {
				ALWAYS_EMBED_SWIFT_STANDARD_LIBRARIES = YES;
				BUNDLE_LOADER = "$(TEST_HOST)";
				CODE_SIGN_STYLE = Automatic;
				DEVELOPMENT_TEAM = Q63MQDT7DY;
				INFOPLIST_FILE = "TmdbMVVM-UICodeTests/Info.plist";
				IPHONEOS_DEPLOYMENT_TARGET = 14.3;
				LD_RUNPATH_SEARCH_PATHS = (
					"$(inherited)",
					"@executable_path/Frameworks",
					"@loader_path/Frameworks",
				);
				PRODUCT_BUNDLE_IDENTIFIER = "com.dpfht.TmdbMVVM-UICodeTests";
				PRODUCT_NAME = "$(TARGET_NAME)";
				SWIFT_VERSION = 5.0;
				TARGETED_DEVICE_FAMILY = "1,2";
				TEST_HOST = "$(BUILT_PRODUCTS_DIR)/TmdbMVVM-UICode.app/TmdbMVVM-UICode";
			};
			name = "Release Verify";
		};
		CE84498529B681B800231703 /* Release Verify */ = {
			isa = XCBuildConfiguration;
			baseConfigurationReference = 5F950FEB10803F551060EA8F /* Pods-TmdbMVVM-UICodeUITests.release verify.xcconfig */;
			buildSettings = {
				ALWAYS_EMBED_SWIFT_STANDARD_LIBRARIES = YES;
				CODE_SIGN_STYLE = Automatic;
				DEVELOPMENT_TEAM = Q63MQDT7DY;
				INFOPLIST_FILE = "TmdbMVVM-UICodeUITests/Info.plist";
				LD_RUNPATH_SEARCH_PATHS = (
					"$(inherited)",
					"@executable_path/Frameworks",
					"@loader_path/Frameworks",
				);
				PRODUCT_BUNDLE_IDENTIFIER = "com.dpfht.TmdbMVVM-UICodeUITests";
				PRODUCT_NAME = "$(TARGET_NAME)";
				SWIFT_VERSION = 5.0;
				TARGETED_DEVICE_FAMILY = "1,2";
				TEST_TARGET_NAME = "TmdbMVVM-UICode";
			};
			name = "Release Verify";
		};
		CE84498629B681BD00231703 /* Release Production */ = {
			isa = XCBuildConfiguration;
			buildSettings = {
				ALWAYS_SEARCH_USER_PATHS = NO;
				CLANG_ANALYZER_LOCALIZABILITY_NONLOCALIZED = YES;
				CLANG_ANALYZER_NONNULL = YES;
				CLANG_ANALYZER_NUMBER_OBJECT_CONVERSION = YES_AGGRESSIVE;
				CLANG_CXX_LANGUAGE_STANDARD = "gnu++14";
				CLANG_CXX_LIBRARY = "libc++";
				CLANG_ENABLE_MODULES = YES;
				CLANG_ENABLE_OBJC_ARC = YES;
				CLANG_ENABLE_OBJC_WEAK = YES;
				CLANG_WARN_BLOCK_CAPTURE_AUTORELEASING = YES;
				CLANG_WARN_BOOL_CONVERSION = YES;
				CLANG_WARN_COMMA = YES;
				CLANG_WARN_CONSTANT_CONVERSION = YES;
				CLANG_WARN_DEPRECATED_OBJC_IMPLEMENTATIONS = YES;
				CLANG_WARN_DIRECT_OBJC_ISA_USAGE = YES_ERROR;
				CLANG_WARN_DOCUMENTATION_COMMENTS = YES;
				CLANG_WARN_EMPTY_BODY = YES;
				CLANG_WARN_ENUM_CONVERSION = YES;
				CLANG_WARN_INFINITE_RECURSION = YES;
				CLANG_WARN_INT_CONVERSION = YES;
				CLANG_WARN_NON_LITERAL_NULL_CONVERSION = YES;
				CLANG_WARN_OBJC_IMPLICIT_RETAIN_SELF = YES;
				CLANG_WARN_OBJC_LITERAL_CONVERSION = YES;
				CLANG_WARN_OBJC_ROOT_CLASS = YES_ERROR;
				CLANG_WARN_QUOTED_INCLUDE_IN_FRAMEWORK_HEADER = YES;
				CLANG_WARN_RANGE_LOOP_ANALYSIS = YES;
				CLANG_WARN_STRICT_PROTOTYPES = YES;
				CLANG_WARN_SUSPICIOUS_MOVE = YES;
				CLANG_WARN_UNGUARDED_AVAILABILITY = YES_AGGRESSIVE;
				CLANG_WARN_UNREACHABLE_CODE = YES;
				CLANG_WARN__DUPLICATE_METHOD_MATCH = YES;
				COPY_PHASE_STRIP = NO;
				DEBUG_INFORMATION_FORMAT = "dwarf-with-dsym";
				ENABLE_NS_ASSERTIONS = NO;
				ENABLE_STRICT_OBJC_MSGSEND = YES;
				GCC_C_LANGUAGE_STANDARD = gnu11;
				GCC_NO_COMMON_BLOCKS = YES;
				GCC_WARN_64_TO_32_BIT_CONVERSION = YES;
				GCC_WARN_ABOUT_RETURN_TYPE = YES_ERROR;
				GCC_WARN_UNDECLARED_SELECTOR = YES;
				GCC_WARN_UNINITIALIZED_AUTOS = YES_AGGRESSIVE;
				GCC_WARN_UNUSED_FUNCTION = YES;
				GCC_WARN_UNUSED_VARIABLE = YES;
				IPHONEOS_DEPLOYMENT_TARGET = 14.3;
				MTL_ENABLE_DEBUG_INFO = NO;
				MTL_FAST_MATH = YES;
				SDKROOT = iphoneos;
				SWIFT_COMPILATION_MODE = wholemodule;
				SWIFT_OPTIMIZATION_LEVEL = "-O";
				VALIDATE_PRODUCT = YES;
			};
			name = "Release Production";
		};
		CE84498729B681BD00231703 /* Release Production */ = {
			isa = XCBuildConfiguration;
			baseConfigurationReference = E2F59B6639AD6F617F77C396 /* Pods-TmdbMVVM-UICode.release production.xcconfig */;
			buildSettings = {
				ASSETCATALOG_COMPILER_APPICON_NAME = AppIcon;
				ASSETCATALOG_COMPILER_GLOBAL_ACCENT_COLOR_NAME = AccentColor;
				CODE_SIGN_STYLE = Automatic;
				DEVELOPMENT_TEAM = Q63MQDT7DY;
				INFOPLIST_FILE = "TmdbMVVM-UICode/App/Info.plist";
				LD_RUNPATH_SEARCH_PATHS = (
					"$(inherited)",
					"@executable_path/Frameworks",
				);
				PRODUCT_BUNDLE_IDENTIFIER = "com.dpfht.TmdbMVVM-UICode";
				PRODUCT_NAME = "TmdbMVVM-UICode";
				SWIFT_VERSION = 5.0;
				TARGETED_DEVICE_FAMILY = "1,2";
			};
			name = "Release Production";
		};
		CE84498829B681BD00231703 /* Release Production */ = {
			isa = XCBuildConfiguration;
			baseConfigurationReference = 11F4FF684B9B976622713863 /* Pods-TmdbMVVM-UICodeTests.release production.xcconfig */;
			buildSettings = {
				ALWAYS_EMBED_SWIFT_STANDARD_LIBRARIES = YES;
				BUNDLE_LOADER = "$(TEST_HOST)";
				CODE_SIGN_STYLE = Automatic;
				DEVELOPMENT_TEAM = Q63MQDT7DY;
				INFOPLIST_FILE = "TmdbMVVM-UICodeTests/Info.plist";
				IPHONEOS_DEPLOYMENT_TARGET = 14.3;
				LD_RUNPATH_SEARCH_PATHS = (
					"$(inherited)",
					"@executable_path/Frameworks",
					"@loader_path/Frameworks",
				);
				PRODUCT_BUNDLE_IDENTIFIER = "com.dpfht.TmdbMVVM-UICodeTests";
				PRODUCT_NAME = "$(TARGET_NAME)";
				SWIFT_VERSION = 5.0;
				TARGETED_DEVICE_FAMILY = "1,2";
				TEST_HOST = "$(BUILT_PRODUCTS_DIR)/TmdbMVVM-UICode.app/TmdbMVVM-UICode";
			};
			name = "Release Production";
		};
		CE84498929B681BD00231703 /* Release Production */ = {
			isa = XCBuildConfiguration;
			baseConfigurationReference = 0029FFE14BA85554BF86B65C /* Pods-TmdbMVVM-UICodeUITests.release production.xcconfig */;
			buildSettings = {
				ALWAYS_EMBED_SWIFT_STANDARD_LIBRARIES = YES;
				CODE_SIGN_STYLE = Automatic;
				DEVELOPMENT_TEAM = Q63MQDT7DY;
				INFOPLIST_FILE = "TmdbMVVM-UICodeUITests/Info.plist";
				LD_RUNPATH_SEARCH_PATHS = (
					"$(inherited)",
					"@executable_path/Frameworks",
					"@loader_path/Frameworks",
				);
				PRODUCT_BUNDLE_IDENTIFIER = "com.dpfht.TmdbMVVM-UICodeUITests";
				PRODUCT_NAME = "$(TARGET_NAME)";
				SWIFT_VERSION = 5.0;
				TARGETED_DEVICE_FAMILY = "1,2";
				TEST_TARGET_NAME = "TmdbMVVM-UICode";
			};
			name = "Release Production";
		};
/* End XCBuildConfiguration section */

/* Begin XCConfigurationList section */
		CE84489E29B678F200231703 /* Build configuration list for PBXProject "TmdbMVVM-UICode" */ = {
			isa = XCConfigurationList;
			buildConfigurations = (
				CE8448CB29B678FF00231703 /* Debug Staging */,
				CE84497E29B6819800231703 /* Debug Verify */,
				CE84497A29B6819000231703 /* Debug Production */,
				CE8448CC29B678FF00231703 /* Release Staging */,
				CE84498229B681B800231703 /* Release Verify */,
				CE84498629B681BD00231703 /* Release Production */,
			);
			defaultConfigurationIsVisible = 0;
			defaultConfigurationName = "Release Staging";
		};
		CE8448CD29B678FF00231703 /* Build configuration list for PBXNativeTarget "TmdbMVVM-UICode" */ = {
			isa = XCConfigurationList;
			buildConfigurations = (
				CE8448CE29B678FF00231703 /* Debug Staging */,
				CE84497F29B6819800231703 /* Debug Verify */,
				CE84497B29B6819000231703 /* Debug Production */,
				CE8448CF29B678FF00231703 /* Release Staging */,
				CE84498329B681B800231703 /* Release Verify */,
				CE84498729B681BD00231703 /* Release Production */,
			);
			defaultConfigurationIsVisible = 0;
			defaultConfigurationName = "Release Staging";
		};
		CE8448D029B678FF00231703 /* Build configuration list for PBXNativeTarget "TmdbMVVM-UICodeTests" */ = {
			isa = XCConfigurationList;
			buildConfigurations = (
				CE8448D129B678FF00231703 /* Debug Staging */,
				CE84498029B6819800231703 /* Debug Verify */,
				CE84497C29B6819000231703 /* Debug Production */,
				CE8448D229B678FF00231703 /* Release Staging */,
				CE84498429B681B800231703 /* Release Verify */,
				CE84498829B681BD00231703 /* Release Production */,
			);
			defaultConfigurationIsVisible = 0;
			defaultConfigurationName = "Release Staging";
		};
		CE8448D329B678FF00231703 /* Build configuration list for PBXNativeTarget "TmdbMVVM-UICodeUITests" */ = {
			isa = XCConfigurationList;
			buildConfigurations = (
				CE8448D429B678FF00231703 /* Debug Staging */,
				CE84498129B6819800231703 /* Debug Verify */,
				CE84497D29B6819000231703 /* Debug Production */,
				CE8448D529B678FF00231703 /* Release Staging */,
				CE84498529B681B800231703 /* Release Verify */,
				CE84498929B681BD00231703 /* Release Production */,
			);
			defaultConfigurationIsVisible = 0;
			defaultConfigurationName = "Release Staging";
		};
/* End XCConfigurationList section */
	};
	rootObject = CE84489B29B678F200231703 /* Project object */;
}
